{
  "name": "node_ass_07",
  "lockfileVersion": 3,
  "requires": true,
  "packages": {
    "": {
      "dependencies": {
        "word-count": "^0.2.2"
      }
    },
    "node_modules/word-count": {
      "version": "0.2.2",
      "resolved": "https://registry.npmjs.org/word-count/-/word-count-0.2.2.tgz",
      "integrity": "sha512-tPRTbQ+nTCPY3F0z1f/y0PX22ScE6l/4/8j9KqA3h77JhlZ/w6cbVS8LIO5Pq/aV96SWBOoiE2IEgzxF0Cn+kA=="
    }
  }
}
